
Microsoft Visual Studio Solution File, Format Version 12.00
# Visual Studio Version 16
VisualStudioVersion = 16.0.28729.10
MinimumVisualStudioVersion = 10.0.40219.1
Project("{FAE04EC0-301F-11D3-BF4B-00C04F79EFBC}") = "Exam Emmanuel", "Exam Emmanuel\Exam Emmanuel.csproj", "{2A33C76C-DDF0-4B10-ADF2-3C182E93B9FF}"
EndProject
Global
	GlobalSection(SolutionConfigurationPlatforms) = preSolution
		Debug|Any CPU = Debug|Any CPU
		Release|Any CPU = Release|Any CPU
	EndGlobalSection
	GlobalSection(ProjectConfigurationPlatforms) = postSolution
		{2A33C76C-DDF0-4B10-ADF2-3C182E93B9FF}.Debug|Any CPU.ActiveCfg = Debug|Any CPU
		{2A33C76C-DDF0-4B10-ADF2-3C182E93B9FF}.Debug|Any CPU.Build.0 = Debug|Any CPU
		{2A33C76C-DDF0-4B10-ADF2-3C182E93B9FF}.Release|Any CPU.ActiveCfg = Release|Any CPU
		{2A33C76C-DDF0-4B10-ADF2-3C182E93B9FF}.Release|Any CPU.Build.0 = Release|Any CPU
	EndGlobalSection
	GlobalSection(SolutionProperties) = preSolution
		HideSolutionNode = FALSE
	EndGlobalSection
	GlobalSection(ExtensibilityGlobals) = postSolution
		SolutionGuid = {18521108-A894-45B9-BB59-578CD12E6C7B}
	EndGlobalSection
EndGlobal
